
Microsoft Visual Studio Solution File, Format Version 12.00
# Visual Studio 14
VisualStudioVersion = 14.0.24720.0
MinimumVisualStudioVersion = 10.0.40219.1
Project("{FAE04EC0-301F-11D3-BF4B-00C04F79EFBC}") = "Inheritance_TPC", "Inheritance_TPC\Inheritance_TPC.csproj", "{ACFBF129-4449-4ED6-B6F8-8085E0FDAE0C}"
EndProject
Project("{FAE04EC0-301F-11D3-BF4B-00C04F79EFBC}") = "Inheritance_TPH", "Inheritance_TPH\Inheritance_TPH.csproj", "{C6414284-4681-48BD-B567-AC54D359AC18}"
EndProject
Project("{FAE04EC0-301F-11D3-BF4B-00C04F79EFBC}") = "Inheritance_TPT", "Inheritance_TPT\Inheritance_TPT.csproj", "{B96838AD-4289-4554-A84B-F8E5D3073C3A}"
EndProject
Global
	GlobalSection(SolutionConfigurationPlatforms) = preSolution
		Debug|Any CPU = Debug|Any CPU
		Release|Any CPU = Release|Any CPU
	EndGlobalSection
	GlobalSection(ProjectConfigurationPlatforms) = postSolution
		{ACFBF129-4449-4ED6-B6F8-8085E0FDAE0C}.Debug|Any CPU.ActiveCfg = Debug|Any CPU
		{ACFBF129-4449-4ED6-B6F8-8085E0FDAE0C}.Debug|Any CPU.Build.0 = Debug|Any CPU
		{ACFBF129-4449-4ED6-B6F8-8085E0FDAE0C}.Release|Any CPU.ActiveCfg = Release|Any CPU
		{ACFBF129-4449-4ED6-B6F8-8085E0FDAE0C}.Release|Any CPU.Build.0 = Release|Any CPU
		{C6414284-4681-48BD-B567-AC54D359AC18}.Debug|Any CPU.ActiveCfg = Debug|Any CPU
		{C6414284-4681-48BD-B567-AC54D359AC18}.Debug|Any CPU.Build.0 = Debug|Any CPU
		{C6414284-4681-48BD-B567-AC54D359AC18}.Release|Any CPU.ActiveCfg = Release|Any CPU
		{C6414284-4681-48BD-B567-AC54D359AC18}.Release|Any CPU.Build.0 = Release|Any CPU
		{B96838AD-4289-4554-A84B-F8E5D3073C3A}.Debug|Any CPU.ActiveCfg = Debug|Any CPU
		{B96838AD-4289-4554-A84B-F8E5D3073C3A}.Debug|Any CPU.Build.0 = Debug|Any CPU
		{B96838AD-4289-4554-A84B-F8E5D3073C3A}.Release|Any CPU.ActiveCfg = Release|Any CPU
		{B96838AD-4289-4554-A84B-F8E5D3073C3A}.Release|Any CPU.Build.0 = Release|Any CPU
	EndGlobalSection
	GlobalSection(SolutionProperties) = preSolution
		HideSolutionNode = FALSE
	EndGlobalSection
EndGlobal
